
Microsoft Visual Studio Solution File, Format Version 12.00
# Visual Studio Version 16
VisualStudioVersion = 16.0.31019.35
MinimumVisualStudioVersion = 10.0.40219.1
Project("{FAE04EC0-301F-11D3-BF4B-00C04F79EFBC}") = "Exercicio_Classes_3", "Exercicio_Classes_3\Exercicio_Classes_3.csproj", "{53201B03-B03C-422A-A28E-09C5B5A84CC3}"
EndProject
Global
	GlobalSection(SolutionConfigurationPlatforms) = preSolution
		Debug|Any CPU = Debug|Any CPU
		Release|Any CPU = Release|Any CPU
	EndGlobalSection
	GlobalSection(ProjectConfigurationPlatforms) = postSolution
		{53201B03-B03C-422A-A28E-09C5B5A84CC3}.Debug|Any CPU.ActiveCfg = Debug|Any CPU
		{53201B03-B03C-422A-A28E-09C5B5A84CC3}.Debug|Any CPU.Build.0 = Debug|Any CPU
		{53201B03-B03C-422A-A28E-09C5B5A84CC3}.Release|Any CPU.ActiveCfg = Release|Any CPU
		{53201B03-B03C-422A-A28E-09C5B5A84CC3}.Release|Any CPU.Build.0 = Release|Any CPU
	EndGlobalSection
	GlobalSection(SolutionProperties) = preSolution
		HideSolutionNode = FALSE
	EndGlobalSection
	GlobalSection(ExtensibilityGlobals) = postSolution
		SolutionGuid = {12113E10-6D5A-4F21-8995-4921B343EABB}
	EndGlobalSection
EndGlobal
